// !$*UTF8*$!
{
	archiveVersion = 1;
	classes = {
	};
	objectVersion = 50;
	objects = {

/* Begin PBXBuildFile section */
		6B0B3852253B914F0093B1A5 /* ParisWeatherData.json in Resources */ = {isa = PBXBuildFile; fileRef = 6B0B3851253B914F0093B1A5 /* ParisWeatherData.json */; };
		6B0B3857253B92520093B1A5 /* WeatherDataError.json in Resources */ = {isa = PBXBuildFile; fileRef = 6B0B3856253B92520093B1A5 /* WeatherDataError.json */; };
		6B5833702538B12C00B10E9D /* SettingsContainerVC.swift in Sources */ = {isa = PBXBuildFile; fileRef = 6B58336F2538B12C00B10E9D /* SettingsContainerVC.swift */; };
		6B59B8F62524E38B00901DEF /* ConvertionErrors.swift in Sources */ = {isa = PBXBuildFile; fileRef = 6B59B8F52524E38B00901DEF /* ConvertionErrors.swift */; };
		6B59B8FC2524EF7200901DEF /* CityWeatherResponse.swift in Sources */ = {isa = PBXBuildFile; fileRef = 6B59B8FB2524EF7200901DEF /* CityWeatherResponse.swift */; };
		6B59B9042524EF9400901DEF /* WeatherService.swift in Sources */ = {isa = PBXBuildFile; fileRef = 6B59B9032524EF9400901DEF /* WeatherService.swift */; };
		6B5B350C251D63FD00554B7B /* ConvertionService.swift in Sources */ = {isa = PBXBuildFile; fileRef = 6B5B350B251D63FD00554B7B /* ConvertionService.swift */; };
		6B5E9A92254861E60042A46B /* URLSessionFake.swift in Sources */ = {isa = PBXBuildFile; fileRef = 6B5E9A91254861E60042A46B /* URLSessionFake.swift */; };
		6B5E9A97254864D60042A46B /* FakeWeatherData.swift in Sources */ = {isa = PBXBuildFile; fileRef = 6B5E9A96254864D60042A46B /* FakeWeatherData.swift */; };
		6B90E0D125268BD8004DEB2F /* Currency.swift in Sources */ = {isa = PBXBuildFile; fileRef = 6B90E0D025268BD8004DEB2F /* Currency.swift */; };
		6B90E0DE25274C82004DEB2F /* CurrenciesData.json in Resources */ = {isa = PBXBuildFile; fileRef = 6B90E0DD25274C82004DEB2F /* CurrenciesData.json */; };
		6BA52E0E25BD9980001B5DCE /* NewYorkWeatherData.json in Resources */ = {isa = PBXBuildFile; fileRef = 6BA52E0D25BD9980001B5DCE /* NewYorkWeatherData.json */; };
		6BA52E1325BDBEB6001B5DCE /* ConvertionProtocol.swift in Sources */ = {isa = PBXBuildFile; fileRef = 6BA52E1225BDBEB6001B5DCE /* ConvertionProtocol.swift */; };
		6BA52E1925BDCD09001B5DCE /* ApiConvertion.swift in Sources */ = {isa = PBXBuildFile; fileRef = 6BA52E1825BDCD09001B5DCE /* ApiConvertion.swift */; };
		6BA52E2125BDCD38001B5DCE /* MockApiConvertion.swift in Sources */ = {isa = PBXBuildFile; fileRef = 6BA52E2025BDCD38001B5DCE /* MockApiConvertion.swift */; };
		6BA52E2625BDCE86001B5DCE /* EuroBasedConvertionData.json in Resources */ = {isa = PBXBuildFile; fileRef = 6BA52E2525BDCE86001B5DCE /* EuroBasedConvertionData.json */; };
		6BA52E2B25BDCEAC001B5DCE /* UsdBasedConvertionData.json in Resources */ = {isa = PBXBuildFile; fileRef = 6BA52E2A25BDCEAC001B5DCE /* UsdBasedConvertionData.json */; };
		6BA52E3025BDCEF3001B5DCE /* FakeConvertionData.swift in Sources */ = {isa = PBXBuildFile; fileRef = 6BA52E2F25BDCEF3001B5DCE /* FakeConvertionData.swift */; };
		6BA52E3525BDD279001B5DCE /* ConvertionServiceTests.swift in Sources */ = {isa = PBXBuildFile; fileRef = 6BA52E3425BDD279001B5DCE /* ConvertionServiceTests.swift */; };
		6BA52E4A25BF3272001B5DCE /* TranslationService.swift in Sources */ = {isa = PBXBuildFile; fileRef = 6BA52E4925BF3272001B5DCE /* TranslationService.swift */; };
		6BA52E4F25BF32A1001B5DCE /* TranslationAPIProtocol.swift in Sources */ = {isa = PBXBuildFile; fileRef = 6BA52E4E25BF32A1001B5DCE /* TranslationAPIProtocol.swift */; };
		6BA52E5425BF3313001B5DCE /* MockTranslation.swift in Sources */ = {isa = PBXBuildFile; fileRef = 6BA52E5325BF3313001B5DCE /* MockTranslation.swift */; };
		6BA52E5925BF3328001B5DCE /* TranslationServiceTests.swift in Sources */ = {isa = PBXBuildFile; fileRef = 6BA52E5825BF3328001B5DCE /* TranslationServiceTests.swift */; };
		6BA52E5E25BF339D001B5DCE /* TranslationGoogleAPI.swift in Sources */ = {isa = PBXBuildFile; fileRef = 6BA52E5D25BF339D001B5DCE /* TranslationGoogleAPI.swift */; };
		6BAEBAE32535F0950027B6AF /* WeatherSettingsTableViewController.swift in Sources */ = {isa = PBXBuildFile; fileRef = 6BAEBAE22535F0950027B6AF /* WeatherSettingsTableViewController.swift */; };
		6BB8F7A125BF389B0088A767 /* TranslationResponse.swift in Sources */ = {isa = PBXBuildFile; fileRef = 6BB8F7A025BF389B0088A767 /* TranslationResponse.swift */; };
		6BBCE097253B85B000C82902 /* WeatherServiceTests.swift in Sources */ = {isa = PBXBuildFile; fileRef = 6BBCE096253B85B000C82902 /* WeatherServiceTests.swift */; };
		6BBEBD3D2520B99D00B16CA0 /* ConvertionResponse.swift in Sources */ = {isa = PBXBuildFile; fileRef = 6BBEBD3C2520B99D00B16CA0 /* ConvertionResponse.swift */; };
		6BBF2A3C252640000098D104 /* ConvertSettingsViewController.swift in Sources */ = {isa = PBXBuildFile; fileRef = 6BBF2A3B252640000098D104 /* ConvertSettingsViewController.swift */; };
		6BC878E8251B9F6F00113732 /* AppDelegate.swift in Sources */ = {isa = PBXBuildFile; fileRef = 6BC878E7251B9F6F00113732 /* AppDelegate.swift */; };
		6BC878EF251B9F6F00113732 /* Main.storyboard in Resources */ = {isa = PBXBuildFile; fileRef = 6BC878ED251B9F6F00113732 /* Main.storyboard */; };
		6BC878F1251B9F7300113732 /* Assets.xcassets in Resources */ = {isa = PBXBuildFile; fileRef = 6BC878F0251B9F7300113732 /* Assets.xcassets */; };
		6BC878F4251B9F7300113732 /* LaunchScreen.storyboard in Resources */ = {isa = PBXBuildFile; fileRef = 6BC878F2251B9F7300113732 /* LaunchScreen.storyboard */; };
		6BC878FF251B9F7300113732 /* Le_BaluchonTests.swift in Sources */ = {isa = PBXBuildFile; fileRef = 6BC878FE251B9F7300113732 /* Le_BaluchonTests.swift */; };
		6BC8790A251B9F7300113732 /* Le_BaluchonUITests.swift in Sources */ = {isa = PBXBuildFile; fileRef = 6BC87909251B9F7300113732 /* Le_BaluchonUITests.swift */; };
		6BC87928251BB68400113732 /* ConvertViewController.swift in Sources */ = {isa = PBXBuildFile; fileRef = 6BC87927251BB68400113732 /* ConvertViewController.swift */; };
		6BC87930251BDAFA00113732 /* TranslateViewController.swift in Sources */ = {isa = PBXBuildFile; fileRef = 6BC8792F251BDAFA00113732 /* TranslateViewController.swift */; };
		6BC87935251BE4DE00113732 /* WeatherViewController.swift in Sources */ = {isa = PBXBuildFile; fileRef = 6BC87934251BE4DE00113732 /* WeatherViewController.swift */; };
/* End PBXBuildFile section */

/* Begin PBXContainerItemProxy section */
		6BC878FB251B9F7300113732 /* PBXContainerItemProxy */ = {
			isa = PBXContainerItemProxy;
			containerPortal = 6BC878DC251B9F6F00113732 /* Project object */;
			proxyType = 1;
			remoteGlobalIDString = 6BC878E3251B9F6F00113732;
			remoteInfo = "Le Baluchon";
		};
		6BC87906251B9F7300113732 /* PBXContainerItemProxy */ = {
			isa = PBXContainerItemProxy;
			containerPortal = 6BC878DC251B9F6F00113732 /* Project object */;
			proxyType = 1;
			remoteGlobalIDString = 6BC878E3251B9F6F00113732;
			remoteInfo = "Le Baluchon";
		};
/* End PBXContainerItemProxy section */

/* Begin PBXFileReference section */
		6B0B3851253B914F0093B1A5 /* ParisWeatherData.json */ = {isa = PBXFileReference; lastKnownFileType = text.json; path = ParisWeatherData.json; sourceTree = "<group>"; };
		6B0B3856253B92520093B1A5 /* WeatherDataError.json */ = {isa = PBXFileReference; lastKnownFileType = text.json; path = WeatherDataError.json; sourceTree = "<group>"; };
		6B58336F2538B12C00B10E9D /* SettingsContainerVC.swift */ = {isa = PBXFileReference; lastKnownFileType = sourcecode.swift; path = SettingsContainerVC.swift; sourceTree = "<group>"; };
		6B59B8F52524E38B00901DEF /* ConvertionErrors.swift */ = {isa = PBXFileReference; lastKnownFileType = sourcecode.swift; path = ConvertionErrors.swift; sourceTree = "<group>"; };
		6B59B8FB2524EF7200901DEF /* CityWeatherResponse.swift */ = {isa = PBXFileReference; lastKnownFileType = sourcecode.swift; path = CityWeatherResponse.swift; sourceTree = "<group>"; };
		6B59B9032524EF9400901DEF /* WeatherService.swift */ = {isa = PBXFileReference; lastKnownFileType = sourcecode.swift; path = WeatherService.swift; sourceTree = "<group>"; };
		6B5B350B251D63FD00554B7B /* ConvertionService.swift */ = {isa = PBXFileReference; lastKnownFileType = sourcecode.swift; path = ConvertionService.swift; sourceTree = "<group>"; };
		6B5E9A91254861E60042A46B /* URLSessionFake.swift */ = {isa = PBXFileReference; lastKnownFileType = sourcecode.swift; path = URLSessionFake.swift; sourceTree = "<group>"; };
		6B5E9A96254864D60042A46B /* FakeWeatherData.swift */ = {isa = PBXFileReference; lastKnownFileType = sourcecode.swift; path = FakeWeatherData.swift; sourceTree = "<group>"; };
		6B90E0D025268BD8004DEB2F /* Currency.swift */ = {isa = PBXFileReference; lastKnownFileType = sourcecode.swift; path = Currency.swift; sourceTree = "<group>"; };
		6B90E0DD25274C82004DEB2F /* CurrenciesData.json */ = {isa = PBXFileReference; lastKnownFileType = text.json; path = CurrenciesData.json; sourceTree = "<group>"; };
		6BA52E0D25BD9980001B5DCE /* NewYorkWeatherData.json */ = {isa = PBXFileReference; lastKnownFileType = text.json; path = NewYorkWeatherData.json; sourceTree = "<group>"; };
		6BA52E1225BDBEB6001B5DCE /* ConvertionProtocol.swift */ = {isa = PBXFileReference; lastKnownFileType = sourcecode.swift; path = ConvertionProtocol.swift; sourceTree = "<group>"; };
		6BA52E1825BDCD09001B5DCE /* ApiConvertion.swift */ = {isa = PBXFileReference; lastKnownFileType = sourcecode.swift; path = ApiConvertion.swift; sourceTree = "<group>"; };
		6BA52E2025BDCD38001B5DCE /* MockApiConvertion.swift */ = {isa = PBXFileReference; lastKnownFileType = sourcecode.swift; path = MockApiConvertion.swift; sourceTree = "<group>"; };
		6BA52E2525BDCE86001B5DCE /* EuroBasedConvertionData.json */ = {isa = PBXFileReference; lastKnownFileType = text.json; path = EuroBasedConvertionData.json; sourceTree = "<group>"; };
		6BA52E2A25BDCEAC001B5DCE /* UsdBasedConvertionData.json */ = {isa = PBXFileReference; lastKnownFileType = text.json; path = UsdBasedConvertionData.json; sourceTree = "<group>"; };
		6BA52E2F25BDCEF3001B5DCE /* FakeConvertionData.swift */ = {isa = PBXFileReference; lastKnownFileType = sourcecode.swift; path = FakeConvertionData.swift; sourceTree = "<group>"; };
		6BA52E3425BDD279001B5DCE /* ConvertionServiceTests.swift */ = {isa = PBXFileReference; lastKnownFileType = sourcecode.swift; path = ConvertionServiceTests.swift; sourceTree = "<group>"; };
		6BA52E4925BF3272001B5DCE /* TranslationService.swift */ = {isa = PBXFileReference; lastKnownFileType = sourcecode.swift; path = TranslationService.swift; sourceTree = "<group>"; };
		6BA52E4E25BF32A1001B5DCE /* TranslationAPIProtocol.swift */ = {isa = PBXFileReference; lastKnownFileType = sourcecode.swift; path = TranslationAPIProtocol.swift; sourceTree = "<group>"; };
		6BA52E5325BF3313001B5DCE /* MockTranslation.swift */ = {isa = PBXFileReference; lastKnownFileType = sourcecode.swift; path = MockTranslation.swift; sourceTree = "<group>"; };
		6BA52E5825BF3328001B5DCE /* TranslationServiceTests.swift */ = {isa = PBXFileReference; lastKnownFileType = sourcecode.swift; path = TranslationServiceTests.swift; sourceTree = "<group>"; };
		6BA52E5D25BF339D001B5DCE /* TranslationGoogleAPI.swift */ = {isa = PBXFileReference; lastKnownFileType = sourcecode.swift; path = TranslationGoogleAPI.swift; sourceTree = "<group>"; };
		6BAEBAE22535F0950027B6AF /* WeatherSettingsTableViewController.swift */ = {isa = PBXFileReference; lastKnownFileType = sourcecode.swift; path = WeatherSettingsTableViewController.swift; sourceTree = "<group>"; };
		6BB8F7A025BF389B0088A767 /* TranslationResponse.swift */ = {isa = PBXFileReference; lastKnownFileType = sourcecode.swift; path = TranslationResponse.swift; sourceTree = "<group>"; };
		6BBCE096253B85B000C82902 /* WeatherServiceTests.swift */ = {isa = PBXFileReference; lastKnownFileType = sourcecode.swift; path = WeatherServiceTests.swift; sourceTree = "<group>"; };
		6BBEBD3C2520B99D00B16CA0 /* ConvertionResponse.swift */ = {isa = PBXFileReference; lastKnownFileType = sourcecode.swift; path = ConvertionResponse.swift; sourceTree = "<group>"; };
		6BBF2A3B252640000098D104 /* ConvertSettingsViewController.swift */ = {isa = PBXFileReference; lastKnownFileType = sourcecode.swift; path = ConvertSettingsViewController.swift; sourceTree = "<group>"; };
		6BC878E4251B9F6F00113732 /* Le Baluchon.app */ = {isa = PBXFileReference; explicitFileType = wrapper.application; includeInIndex = 0; path = "Le Baluchon.app"; sourceTree = BUILT_PRODUCTS_DIR; };
		6BC878E7251B9F6F00113732 /* AppDelegate.swift */ = {isa = PBXFileReference; lastKnownFileType = sourcecode.swift; path = AppDelegate.swift; sourceTree = "<group>"; };
		6BC878EE251B9F6F00113732 /* Base */ = {isa = PBXFileReference; lastKnownFileType = file.storyboard; name = Base; path = Base.lproj/Main.storyboard; sourceTree = "<group>"; };
		6BC878F0251B9F7300113732 /* Assets.xcassets */ = {isa = PBXFileReference; lastKnownFileType = folder.assetcatalog; path = Assets.xcassets; sourceTree = "<group>"; };
		6BC878F3251B9F7300113732 /* Base */ = {isa = PBXFileReference; lastKnownFileType = file.storyboard; name = Base; path = Base.lproj/LaunchScreen.storyboard; sourceTree = "<group>"; };
		6BC878F5251B9F7300113732 /* Info.plist */ = {isa = PBXFileReference; lastKnownFileType = text.plist.xml; path = Info.plist; sourceTree = "<group>"; };
		6BC878FA251B9F7300113732 /* Le BaluchonTests.xctest */ = {isa = PBXFileReference; explicitFileType = wrapper.cfbundle; includeInIndex = 0; path = "Le BaluchonTests.xctest"; sourceTree = BUILT_PRODUCTS_DIR; };
		6BC878FE251B9F7300113732 /* Le_BaluchonTests.swift */ = {isa = PBXFileReference; lastKnownFileType = sourcecode.swift; path = Le_BaluchonTests.swift; sourceTree = "<group>"; };
		6BC87900251B9F7300113732 /* Info.plist */ = {isa = PBXFileReference; lastKnownFileType = text.plist.xml; path = Info.plist; sourceTree = "<group>"; };
		6BC87905251B9F7300113732 /* Le BaluchonUITests.xctest */ = {isa = PBXFileReference; explicitFileType = wrapper.cfbundle; includeInIndex = 0; path = "Le BaluchonUITests.xctest"; sourceTree = BUILT_PRODUCTS_DIR; };
		6BC87909251B9F7300113732 /* Le_BaluchonUITests.swift */ = {isa = PBXFileReference; lastKnownFileType = sourcecode.swift; path = Le_BaluchonUITests.swift; sourceTree = "<group>"; };
		6BC8790B251B9F7300113732 /* Info.plist */ = {isa = PBXFileReference; lastKnownFileType = text.plist.xml; path = Info.plist; sourceTree = "<group>"; };
		6BC87927251BB68400113732 /* ConvertViewController.swift */ = {isa = PBXFileReference; lastKnownFileType = sourcecode.swift; path = ConvertViewController.swift; sourceTree = "<group>"; };
		6BC8792F251BDAFA00113732 /* TranslateViewController.swift */ = {isa = PBXFileReference; lastKnownFileType = sourcecode.swift; path = TranslateViewController.swift; sourceTree = "<group>"; };
		6BC87934251BE4DE00113732 /* WeatherViewController.swift */ = {isa = PBXFileReference; lastKnownFileType = sourcecode.swift; path = WeatherViewController.swift; sourceTree = "<group>"; };
/* End PBXFileReference section */

/* Begin PBXFrameworksBuildPhase section */
		6BC878E1251B9F6F00113732 /* Frameworks */ = {
			isa = PBXFrameworksBuildPhase;
			buildActionMask = 2147483647;
			files = (
			);
			runOnlyForDeploymentPostprocessing = 0;
		};
		6BC878F7251B9F7300113732 /* Frameworks */ = {
			isa = PBXFrameworksBuildPhase;
			buildActionMask = 2147483647;
			files = (
			);
			runOnlyForDeploymentPostprocessing = 0;
		};
		6BC87902251B9F7300113732 /* Frameworks */ = {
			isa = PBXFrameworksBuildPhase;
			buildActionMask = 2147483647;
			files = (
			);
			runOnlyForDeploymentPostprocessing = 0;
		};
/* End PBXFrameworksBuildPhase section */

/* Begin PBXGroup section */
		6B000FDF2537539F00653275 /* Convertion Group */ = {
			isa = PBXGroup;
			children = (
				6BC87927251BB68400113732 /* ConvertViewController.swift */,
				6BBF2A3B252640000098D104 /* ConvertSettingsViewController.swift */,
			);
			path = "Convertion Group";
			sourceTree = "<group>";
		};
		6B000FE0253753B300653275 /* Weather Group */ = {
			isa = PBXGroup;
			children = (
				6BC87934251BE4DE00113732 /* WeatherViewController.swift */,
				6BAEBAE22535F0950027B6AF /* WeatherSettingsTableViewController.swift */,
				6B58336F2538B12C00B10E9D /* SettingsContainerVC.swift */,
			);
			path = "Weather Group";
			sourceTree = "<group>";
		};
		6B000FE1253753DA00653275 /* Translation Group */ = {
			isa = PBXGroup;
			children = (
				6BC8792F251BDAFA00113732 /* TranslateViewController.swift */,
			);
			path = "Translation Group";
			sourceTree = "<group>";
		};
		6B59B8FA2524EF3D00901DEF /* Weather Group */ = {
			isa = PBXGroup;
			children = (
				6B59B9032524EF9400901DEF /* WeatherService.swift */,
				6B59B8FB2524EF7200901DEF /* CityWeatherResponse.swift */,
			);
			path = "Weather Group";
			sourceTree = "<group>";
		};
		6BA52E1725BDCCE7001B5DCE /* ConvertionGroup */ = {
			isa = PBXGroup;
			children = (
				6BA52E2025BDCD38001B5DCE /* MockApiConvertion.swift */,
				6BA52E2A25BDCEAC001B5DCE /* UsdBasedConvertionData.json */,
				6BA52E2525BDCE86001B5DCE /* EuroBasedConvertionData.json */,
				6BA52E2F25BDCEF3001B5DCE /* FakeConvertionData.swift */,
				6BA52E3425BDD279001B5DCE /* ConvertionServiceTests.swift */,
			);
			path = ConvertionGroup;
			sourceTree = "<group>";
		};
		6BA52E3C25BF31BF001B5DCE /* Translation */ = {
			isa = PBXGroup;
			children = (
				6BA52E4925BF3272001B5DCE /* TranslationService.swift */,
				6BA52E4E25BF32A1001B5DCE /* TranslationAPIProtocol.swift */,
				6BA52E5D25BF339D001B5DCE /* TranslationGoogleAPI.swift */,
				6BB8F7A025BF389B0088A767 /* TranslationResponse.swift */,
			);
			path = Translation;
			sourceTree = "<group>";
		};
		6BA52E3D25BF31E6001B5DCE /* TranslationGroup */ = {
			isa = PBXGroup;
			children = (
				6BA52E5325BF3313001B5DCE /* MockTranslation.swift */,
				6BA52E5825BF3328001B5DCE /* TranslationServiceTests.swift */,
			);
			path = TranslationGroup;
			sourceTree = "<group>";
		};
		6BA9189A2523B2C200CA3A01 /* Convertion Group */ = {
			isa = PBXGroup;
			children = (
				6B5B350B251D63FD00554B7B /* ConvertionService.swift */,
				6BBEBD3C2520B99D00B16CA0 /* ConvertionResponse.swift */,
				6B59B8F52524E38B00901DEF /* ConvertionErrors.swift */,
				6B90E0D025268BD8004DEB2F /* Currency.swift */,
				6B90E0DD25274C82004DEB2F /* CurrenciesData.json */,
				6BA52E1225BDBEB6001B5DCE /* ConvertionProtocol.swift */,
				6BA52E1825BDCD09001B5DCE /* ApiConvertion.swift */,
			);
			path = "Convertion Group";
			sourceTree = "<group>";
		};
		6BBCE095253B858C00C82902 /* Weather Group */ = {
			isa = PBXGroup;
			children = (
				6BBCE096253B85B000C82902 /* WeatherServiceTests.swift */,
				6B0B3851253B914F0093B1A5 /* ParisWeatherData.json */,
				6BA52E0D25BD9980001B5DCE /* NewYorkWeatherData.json */,
				6B0B3856253B92520093B1A5 /* WeatherDataError.json */,
				6B5E9A91254861E60042A46B /* URLSessionFake.swift */,
				6B5E9A96254864D60042A46B /* FakeWeatherData.swift */,
			);
			path = "Weather Group";
			sourceTree = "<group>";
		};
		6BC878DB251B9F6F00113732 = {
			isa = PBXGroup;
			children = (
				6BC878E6251B9F6F00113732 /* Le Baluchon */,
				6BC878FD251B9F7300113732 /* Le BaluchonTests */,
				6BC87908251B9F7300113732 /* Le BaluchonUITests */,
				6BC878E5251B9F6F00113732 /* Products */,
			);
			sourceTree = "<group>";
		};
		6BC878E5251B9F6F00113732 /* Products */ = {
			isa = PBXGroup;
			children = (
				6BC878E4251B9F6F00113732 /* Le Baluchon.app */,
				6BC878FA251B9F7300113732 /* Le BaluchonTests.xctest */,
				6BC87905251B9F7300113732 /* Le BaluchonUITests.xctest */,
			);
			name = Products;
			sourceTree = "<group>";
		};
		6BC878E6251B9F6F00113732 /* Le Baluchon */ = {
			isa = PBXGroup;
			children = (
				6BC87923251BA19F00113732 /* Model */,
				6BC87922251BA19900113732 /* View */,
				6BC87921251BA19000113732 /* Controller */,
				6BC87920251BA18600113732 /* Support */,
				6BC878F5251B9F7300113732 /* Info.plist */,
			);
			path = "Le Baluchon";
			sourceTree = "<group>";
		};
		6BC878FD251B9F7300113732 /* Le BaluchonTests */ = {
			isa = PBXGroup;
			children = (
				6BA52E3D25BF31E6001B5DCE /* TranslationGroup */,
				6BA52E1725BDCCE7001B5DCE /* ConvertionGroup */,
				6BBCE095253B858C00C82902 /* Weather Group */,
				6BC878FE251B9F7300113732 /* Le_BaluchonTests.swift */,
				6BC87900251B9F7300113732 /* Info.plist */,
			);
			path = "Le BaluchonTests";
			sourceTree = "<group>";
		};
		6BC87908251B9F7300113732 /* Le BaluchonUITests */ = {
			isa = PBXGroup;
			children = (
				6BC87909251B9F7300113732 /* Le_BaluchonUITests.swift */,
				6BC8790B251B9F7300113732 /* Info.plist */,
			);
			path = "Le BaluchonUITests";
			sourceTree = "<group>";
		};
		6BC87920251BA18600113732 /* Support */ = {
			isa = PBXGroup;
			children = (
				6BC878E7251B9F6F00113732 /* AppDelegate.swift */,
				6BC878F0251B9F7300113732 /* Assets.xcassets */,
			);
			path = Support;
			sourceTree = "<group>";
		};
		6BC87921251BA19000113732 /* Controller */ = {
			isa = PBXGroup;
			children = (
				6B000FDF2537539F00653275 /* Convertion Group */,
				6B000FE0253753B300653275 /* Weather Group */,
				6B000FE1253753DA00653275 /* Translation Group */,
			);
			path = Controller;
			sourceTree = "<group>";
		};
		6BC87922251BA19900113732 /* View */ = {
			isa = PBXGroup;
			children = (
				6BC878ED251B9F6F00113732 /* Main.storyboard */,
				6BC878F2251B9F7300113732 /* LaunchScreen.storyboard */,
			);
			path = View;
			sourceTree = "<group>";
		};
		6BC87923251BA19F00113732 /* Model */ = {
			isa = PBXGroup;
			children = (
				6BA9189A2523B2C200CA3A01 /* Convertion Group */,
				6BA52E3C25BF31BF001B5DCE /* Translation */,
				6B59B8FA2524EF3D00901DEF /* Weather Group */,
			);
			path = Model;
			sourceTree = "<group>";
		};
/* End PBXGroup section */

/* Begin PBXNativeTarget section */
		6BC878E3251B9F6F00113732 /* Le Baluchon */ = {
			isa = PBXNativeTarget;
			buildConfigurationList = 6BC8790E251B9F7300113732 /* Build configuration list for PBXNativeTarget "Le Baluchon" */;
			buildPhases = (
				6BC878E0251B9F6F00113732 /* Sources */,
				6BC878E1251B9F6F00113732 /* Frameworks */,
				6BC878E2251B9F6F00113732 /* Resources */,
			);
			buildRules = (
			);
			dependencies = (
			);
			name = "Le Baluchon";
			productName = "Le Baluchon";
			productReference = 6BC878E4251B9F6F00113732 /* Le Baluchon.app */;
			productType = "com.apple.product-type.application";
		};
		6BC878F9251B9F7300113732 /* Le BaluchonTests */ = {
			isa = PBXNativeTarget;
			buildConfigurationList = 6BC87911251B9F7300113732 /* Build configuration list for PBXNativeTarget "Le BaluchonTests" */;
			buildPhases = (
				6BC878F6251B9F7300113732 /* Sources */,
				6BC878F7251B9F7300113732 /* Frameworks */,
				6BC878F8251B9F7300113732 /* Resources */,
			);
			buildRules = (
			);
			dependencies = (
				6BC878FC251B9F7300113732 /* PBXTargetDependency */,
			);
			name = "Le BaluchonTests";
			productName = "Le BaluchonTests";
			productReference = 6BC878FA251B9F7300113732 /* Le BaluchonTests.xctest */;
			productType = "com.apple.product-type.bundle.unit-test";
		};
		6BC87904251B9F7300113732 /* Le BaluchonUITests */ = {
			isa = PBXNativeTarget;
			buildConfigurationList = 6BC87914251B9F7300113732 /* Build configuration list for PBXNativeTarget "Le BaluchonUITests" */;
			buildPhases = (
				6BC87901251B9F7300113732 /* Sources */,
				6BC87902251B9F7300113732 /* Frameworks */,
				6BC87903251B9F7300113732 /* Resources */,
			);
			buildRules = (
			);
			dependencies = (
				6BC87907251B9F7300113732 /* PBXTargetDependency */,
			);
			name = "Le BaluchonUITests";
			productName = "Le BaluchonUITests";
			productReference = 6BC87905251B9F7300113732 /* Le BaluchonUITests.xctest */;
			productType = "com.apple.product-type.bundle.ui-testing";
		};
/* End PBXNativeTarget section */

/* Begin PBXProject section */
		6BC878DC251B9F6F00113732 /* Project object */ = {
			isa = PBXProject;
			attributes = {
				LastSwiftUpdateCheck = 1200;
				LastUpgradeCheck = 1210;
				TargetAttributes = {
					6BC878E3251B9F6F00113732 = {
						CreatedOnToolsVersion = 12.0;
					};
					6BC878F9251B9F7300113732 = {
						CreatedOnToolsVersion = 12.0;
						TestTargetID = 6BC878E3251B9F6F00113732;
					};
					6BC87904251B9F7300113732 = {
						CreatedOnToolsVersion = 12.0;
						TestTargetID = 6BC878E3251B9F6F00113732;
					};
				};
			};
			buildConfigurationList = 6BC878DF251B9F6F00113732 /* Build configuration list for PBXProject "Le Baluchon" */;
			compatibilityVersion = "Xcode 9.3";
			developmentRegion = en;
			hasScannedForEncodings = 0;
			knownRegions = (
				en,
				Base,
			);
			mainGroup = 6BC878DB251B9F6F00113732;
			productRefGroup = 6BC878E5251B9F6F00113732 /* Products */;
			projectDirPath = "";
			projectRoot = "";
			targets = (
				6BC878E3251B9F6F00113732 /* Le Baluchon */,
				6BC878F9251B9F7300113732 /* Le BaluchonTests */,
				6BC87904251B9F7300113732 /* Le BaluchonUITests */,
			);
		};
/* End PBXProject section */

/* Begin PBXResourcesBuildPhase section */
		6BC878E2251B9F6F00113732 /* Resources */ = {
			isa = PBXResourcesBuildPhase;
			buildActionMask = 2147483647;
			files = (
				6B90E0DE25274C82004DEB2F /* CurrenciesData.json in Resources */,
				6BC878F4251B9F7300113732 /* LaunchScreen.storyboard in Resources */,
				6BC878F1251B9F7300113732 /* Assets.xcassets in Resources */,
				6BC878EF251B9F6F00113732 /* Main.storyboard in Resources */,
			);
			runOnlyForDeploymentPostprocessing = 0;
		};
		6BC878F8251B9F7300113732 /* Resources */ = {
			isa = PBXResourcesBuildPhase;
			buildActionMask = 2147483647;
			files = (
				6B0B3857253B92520093B1A5 /* WeatherDataError.json in Resources */,
				6B0B3852253B914F0093B1A5 /* ParisWeatherData.json in Resources */,
				6BA52E2B25BDCEAC001B5DCE /* UsdBasedConvertionData.json in Resources */,
				6BA52E0E25BD9980001B5DCE /* NewYorkWeatherData.json in Resources */,
				6BA52E2625BDCE86001B5DCE /* EuroBasedConvertionData.json in Resources */,
			);
			runOnlyForDeploymentPostprocessing = 0;
		};
		6BC87903251B9F7300113732 /* Resources */ = {
			isa = PBXResourcesBuildPhase;
			buildActionMask = 2147483647;
			files = (
			);
			runOnlyForDeploymentPostprocessing = 0;
		};
/* End PBXResourcesBuildPhase section */

/* Begin PBXSourcesBuildPhase section */
		6BC878E0251B9F6F00113732 /* Sources */ = {
			isa = PBXSourcesBuildPhase;
			buildActionMask = 2147483647;
			files = (
				6BAEBAE32535F0950027B6AF /* WeatherSettingsTableViewController.swift in Sources */,
				6BC87928251BB68400113732 /* ConvertViewController.swift in Sources */,
				6BA52E1325BDBEB6001B5DCE /* ConvertionProtocol.swift in Sources */,
				6BA52E4A25BF3272001B5DCE /* TranslationService.swift in Sources */,
				6BB8F7A125BF389B0088A767 /* TranslationResponse.swift in Sources */,
				6BA52E4F25BF32A1001B5DCE /* TranslationAPIProtocol.swift in Sources */,
				6B59B9042524EF9400901DEF /* WeatherService.swift in Sources */,
				6B59B8F62524E38B00901DEF /* ConvertionErrors.swift in Sources */,
				6BC87935251BE4DE00113732 /* WeatherViewController.swift in Sources */,
				6B5833702538B12C00B10E9D /* SettingsContainerVC.swift in Sources */,
				6B5B350C251D63FD00554B7B /* ConvertionService.swift in Sources */,
				6BBF2A3C252640000098D104 /* ConvertSettingsViewController.swift in Sources */,
				6B90E0D125268BD8004DEB2F /* Currency.swift in Sources */,
				6B59B8FC2524EF7200901DEF /* CityWeatherResponse.swift in Sources */,
				6BBEBD3D2520B99D00B16CA0 /* ConvertionResponse.swift in Sources */,
				6BC87930251BDAFA00113732 /* TranslateViewController.swift in Sources */,
				6BC878E8251B9F6F00113732 /* AppDelegate.swift in Sources */,
				6BA52E1925BDCD09001B5DCE /* ApiConvertion.swift in Sources */,
				6BA52E5E25BF339D001B5DCE /* TranslationGoogleAPI.swift in Sources */,
			);
			runOnlyForDeploymentPostprocessing = 0;
		};
		6BC878F6251B9F7300113732 /* Sources */ = {
			isa = PBXSourcesBuildPhase;
			buildActionMask = 2147483647;
			files = (
				6B5E9A92254861E60042A46B /* URLSessionFake.swift in Sources */,
				6BA52E5425BF3313001B5DCE /* MockTranslation.swift in Sources */,
				6B5E9A97254864D60042A46B /* FakeWeatherData.swift in Sources */,
				6BA52E2125BDCD38001B5DCE /* MockApiConvertion.swift in Sources */,
				6BA52E3025BDCEF3001B5DCE /* FakeConvertionData.swift in Sources */,
				6BA52E5925BF3328001B5DCE /* TranslationServiceTests.swift in Sources */,
				6BBCE097253B85B000C82902 /* WeatherServiceTests.swift in Sources */,
				6BA52E3525BDD279001B5DCE /* ConvertionServiceTests.swift in Sources */,
				6BC878FF251B9F7300113732 /* Le_BaluchonTests.swift in Sources */,
			);
			runOnlyForDeploymentPostprocessing = 0;
		};
		6BC87901251B9F7300113732 /* Sources */ = {
			isa = PBXSourcesBuildPhase;
			buildActionMask = 2147483647;
			files = (
				6BC8790A251B9F7300113732 /* Le_BaluchonUITests.swift in Sources */,
			);
			runOnlyForDeploymentPostprocessing = 0;
		};
/* End PBXSourcesBuildPhase section */

/* Begin PBXTargetDependency section */
		6BC878FC251B9F7300113732 /* PBXTargetDependency */ = {
			isa = PBXTargetDependency;
			target = 6BC878E3251B9F6F00113732 /* Le Baluchon */;
			targetProxy = 6BC878FB251B9F7300113732 /* PBXContainerItemProxy */;
		};
		6BC87907251B9F7300113732 /* PBXTargetDependency */ = {
			isa = PBXTargetDependency;
			target = 6BC878E3251B9F6F00113732 /* Le Baluchon */;
			targetProxy = 6BC87906251B9F7300113732 /* PBXContainerItemProxy */;
		};
/* End PBXTargetDependency section */

/* Begin PBXVariantGroup section */
		6BC878ED251B9F6F00113732 /* Main.storyboard */ = {
			isa = PBXVariantGroup;
			children = (
				6BC878EE251B9F6F00113732 /* Base */,
			);
			name = Main.storyboard;
			sourceTree = "<group>";
		};
		6BC878F2251B9F7300113732 /* LaunchScreen.storyboard */ = {
			isa = PBXVariantGroup;
			children = (
				6BC878F3251B9F7300113732 /* Base */,
			);
			name = LaunchScreen.storyboard;
			sourceTree = "<group>";
		};
/* End PBXVariantGroup section */

/* Begin XCBuildConfiguration section */
		6BC8790C251B9F7300113732 /* Debug */ = {
			isa = XCBuildConfiguration;
			buildSettings = {
				ALWAYS_SEARCH_USER_PATHS = NO;
				CLANG_ANALYZER_NONNULL = YES;
				CLANG_ANALYZER_NUMBER_OBJECT_CONVERSION = YES_AGGRESSIVE;
				CLANG_CXX_LANGUAGE_STANDARD = "gnu++14";
				CLANG_CXX_LIBRARY = "libc++";
				CLANG_ENABLE_MODULES = YES;
				CLANG_ENABLE_OBJC_ARC = YES;
				CLANG_ENABLE_OBJC_WEAK = YES;
				CLANG_WARN_BLOCK_CAPTURE_AUTORELEASING = YES;
				CLANG_WARN_BOOL_CONVERSION = YES;
				CLANG_WARN_COMMA = YES;
				CLANG_WARN_CONSTANT_CONVERSION = YES;
				CLANG_WARN_DEPRECATED_OBJC_IMPLEMENTATIONS = YES;
				CLANG_WARN_DIRECT_OBJC_ISA_USAGE = YES_ERROR;
				CLANG_WARN_DOCUMENTATION_COMMENTS = YES;
				CLANG_WARN_EMPTY_BODY = YES;
				CLANG_WARN_ENUM_CONVERSION = YES;
				CLANG_WARN_INFINITE_RECURSION = YES;
				CLANG_WARN_INT_CONVERSION = YES;
				CLANG_WARN_NON_LITERAL_NULL_CONVERSION = YES;
				CLANG_WARN_OBJC_IMPLICIT_RETAIN_SELF = YES;
				CLANG_WARN_OBJC_LITERAL_CONVERSION = YES;
				CLANG_WARN_OBJC_ROOT_CLASS = YES_ERROR;
				CLANG_WARN_QUOTED_INCLUDE_IN_FRAMEWORK_HEADER = YES;
				CLANG_WARN_RANGE_LOOP_ANALYSIS = YES;
				CLANG_WARN_STRICT_PROTOTYPES = YES;
				CLANG_WARN_SUSPICIOUS_MOVE = YES;
				CLANG_WARN_UNGUARDED_AVAILABILITY = YES_AGGRESSIVE;
				CLANG_WARN_UNREACHABLE_CODE = YES;
				CLANG_WARN__DUPLICATE_METHOD_MATCH = YES;
				COPY_PHASE_STRIP = NO;
				DEBUG_INFORMATION_FORMAT = dwarf;
				ENABLE_STRICT_OBJC_MSGSEND = YES;
				ENABLE_TESTABILITY = YES;
				GCC_C_LANGUAGE_STANDARD = gnu11;
				GCC_DYNAMIC_NO_PIC = NO;
				GCC_NO_COMMON_BLOCKS = YES;
				GCC_OPTIMIZATION_LEVEL = 0;
				GCC_PREPROCESSOR_DEFINITIONS = (
					"DEBUG=1",
					"$(inherited)",
				);
				GCC_WARN_64_TO_32_BIT_CONVERSION = YES;
				GCC_WARN_ABOUT_RETURN_TYPE = YES_ERROR;
				GCC_WARN_UNDECLARED_SELECTOR = YES;
				GCC_WARN_UNINITIALIZED_AUTOS = YES_AGGRESSIVE;
				GCC_WARN_UNUSED_FUNCTION = YES;
				GCC_WARN_UNUSED_VARIABLE = YES;
				IPHONEOS_DEPLOYMENT_TARGET = 12.0;
				MTL_ENABLE_DEBUG_INFO = INCLUDE_SOURCE;
				MTL_FAST_MATH = YES;
				ONLY_ACTIVE_ARCH = YES;
				SDKROOT = iphoneos;
				SWIFT_ACTIVE_COMPILATION_CONDITIONS = DEBUG;
				SWIFT_OPTIMIZATION_LEVEL = "-Onone";
			};
			name = Debug;
		};
		6BC8790D251B9F7300113732 /* Release */ = {
			isa = XCBuildConfiguration;
			buildSettings = {
				ALWAYS_SEARCH_USER_PATHS = NO;
				CLANG_ANALYZER_NONNULL = YES;
				CLANG_ANALYZER_NUMBER_OBJECT_CONVERSION = YES_AGGRESSIVE;
				CLANG_CXX_LANGUAGE_STANDARD = "gnu++14";
				CLANG_CXX_LIBRARY = "libc++";
				CLANG_ENABLE_MODULES = YES;
				CLANG_ENABLE_OBJC_ARC = YES;
				CLANG_ENABLE_OBJC_WEAK = YES;
				CLANG_WARN_BLOCK_CAPTURE_AUTORELEASING = YES;
				CLANG_WARN_BOOL_CONVERSION = YES;
				CLANG_WARN_COMMA = YES;
				CLANG_WARN_CONSTANT_CONVERSION = YES;
				CLANG_WARN_DEPRECATED_OBJC_IMPLEMENTATIONS = YES;
				CLANG_WARN_DIRECT_OBJC_ISA_USAGE = YES_ERROR;
				CLANG_WARN_DOCUMENTATION_COMMENTS = YES;
				CLANG_WARN_EMPTY_BODY = YES;
				CLANG_WARN_ENUM_CONVERSION = YES;
				CLANG_WARN_INFINITE_RECURSION = YES;
				CLANG_WARN_INT_CONVERSION = YES;
				CLANG_WARN_NON_LITERAL_NULL_CONVERSION = YES;
				CLANG_WARN_OBJC_IMPLICIT_RETAIN_SELF = YES;
				CLANG_WARN_OBJC_LITERAL_CONVERSION = YES;
				CLANG_WARN_OBJC_ROOT_CLASS = YES_ERROR;
				CLANG_WARN_QUOTED_INCLUDE_IN_FRAMEWORK_HEADER = YES;
				CLANG_WARN_RANGE_LOOP_ANALYSIS = YES;
				CLANG_WARN_STRICT_PROTOTYPES = YES;
				CLANG_WARN_SUSPICIOUS_MOVE = YES;
				CLANG_WARN_UNGUARDED_AVAILABILITY = YES_AGGRESSIVE;
				CLANG_WARN_UNREACHABLE_CODE = YES;
				CLANG_WARN__DUPLICATE_METHOD_MATCH = YES;
				COPY_PHASE_STRIP = NO;
				DEBUG_INFORMATION_FORMAT = "dwarf-with-dsym";
				ENABLE_NS_ASSERTIONS = NO;
				ENABLE_STRICT_OBJC_MSGSEND = YES;
				GCC_C_LANGUAGE_STANDARD = gnu11;
				GCC_NO_COMMON_BLOCKS = YES;
				GCC_WARN_64_TO_32_BIT_CONVERSION = YES;
				GCC_WARN_ABOUT_RETURN_TYPE = YES_ERROR;
				GCC_WARN_UNDECLARED_SELECTOR = YES;
				GCC_WARN_UNINITIALIZED_AUTOS = YES_AGGRESSIVE;
				GCC_WARN_UNUSED_FUNCTION = YES;
				GCC_WARN_UNUSED_VARIABLE = YES;
				IPHONEOS_DEPLOYMENT_TARGET = 12.0;
				MTL_ENABLE_DEBUG_INFO = NO;
				MTL_FAST_MATH = YES;
				SDKROOT = iphoneos;
				SWIFT_COMPILATION_MODE = wholemodule;
				SWIFT_OPTIMIZATION_LEVEL = "-O";
				VALIDATE_PRODUCT = YES;
			};
			name = Release;
		};
		6BC8790F251B9F7300113732 /* Debug */ = {
			isa = XCBuildConfiguration;
			buildSettings = {
				ASSETCATALOG_COMPILER_APPICON_NAME = AppIcon;
				ASSETCATALOG_COMPILER_GLOBAL_ACCENT_COLOR_NAME = AccentColor;
				CODE_SIGN_STYLE = Automatic;
				DEVELOPMENT_TEAM = 9S2GW6G25E;
				INFOPLIST_FILE = "Le Baluchon/Info.plist";
				IPHONEOS_DEPLOYMENT_TARGET = 12.0;
				LD_RUNPATH_SEARCH_PATHS = (
					"$(inherited)",
					"@executable_path/Frameworks",
				);
				PRODUCT_BUNDLE_IDENTIFIER = "com.simonDahan.Le-Baluchon";
				PRODUCT_NAME = "$(TARGET_NAME)";
				SWIFT_VERSION = 5.0;
				TARGETED_DEVICE_FAMILY = 1;
			};
			name = Debug;
		};
		6BC87910251B9F7300113732 /* Release */ = {
			isa = XCBuildConfiguration;
			buildSettings = {
				ASSETCATALOG_COMPILER_APPICON_NAME = AppIcon;
				ASSETCATALOG_COMPILER_GLOBAL_ACCENT_COLOR_NAME = AccentColor;
				CODE_SIGN_STYLE = Automatic;
				DEVELOPMENT_TEAM = 9S2GW6G25E;
				INFOPLIST_FILE = "Le Baluchon/Info.plist";
				IPHONEOS_DEPLOYMENT_TARGET = 12.0;
				LD_RUNPATH_SEARCH_PATHS = (
					"$(inherited)",
					"@executable_path/Frameworks",
				);
				PRODUCT_BUNDLE_IDENTIFIER = "com.simonDahan.Le-Baluchon";
				PRODUCT_NAME = "$(TARGET_NAME)";
				SWIFT_VERSION = 5.0;
				TARGETED_DEVICE_FAMILY = 1;
			};
			name = Release;
		};
		6BC87912251B9F7300113732 /* Debug */ = {
			isa = XCBuildConfiguration;
			buildSettings = {
				ALWAYS_EMBED_SWIFT_STANDARD_LIBRARIES = YES;
				BUNDLE_LOADER = "$(TEST_HOST)";
				CODE_SIGN_STYLE = Automatic;
				DEVELOPMENT_TEAM = 9S2GW6G25E;
				INFOPLIST_FILE = "Le BaluchonTests/Info.plist";
				IPHONEOS_DEPLOYMENT_TARGET = 14.0;
				LD_RUNPATH_SEARCH_PATHS = (
					"$(inherited)",
					"@executable_path/Frameworks",
					"@loader_path/Frameworks",
				);
				PRODUCT_BUNDLE_IDENTIFIER = "com.simonDahan.Le-BaluchonTests";
				PRODUCT_NAME = "$(TARGET_NAME)";
				SWIFT_VERSION = 5.0;
				TARGETED_DEVICE_FAMILY = "1,2";
				TEST_HOST = "$(BUILT_PRODUCTS_DIR)/Le Baluchon.app/Le Baluchon";
			};
			name = Debug;
		};
		6BC87913251B9F7300113732 /* Release */ = {
			isa = XCBuildConfiguration;
			buildSettings = {
				ALWAYS_EMBED_SWIFT_STANDARD_LIBRARIES = YES;
				BUNDLE_LOADER = "$(TEST_HOST)";
				CODE_SIGN_STYLE = Automatic;
				DEVELOPMENT_TEAM = 9S2GW6G25E;
				INFOPLIST_FILE = "Le BaluchonTests/Info.plist";
				IPHONEOS_DEPLOYMENT_TARGET = 14.0;
				LD_RUNPATH_SEARCH_PATHS = (
					"$(inherited)",
					"@executable_path/Frameworks",
					"@loader_path/Frameworks",
				);
				PRODUCT_BUNDLE_IDENTIFIER = "com.simonDahan.Le-BaluchonTests";
				PRODUCT_NAME = "$(TARGET_NAME)";
				SWIFT_VERSION = 5.0;
				TARGETED_DEVICE_FAMILY = "1,2";
				TEST_HOST = "$(BUILT_PRODUCTS_DIR)/Le Baluchon.app/Le Baluchon";
			};
			name = Release;
		};
		6BC87915251B9F7300113732 /* Debug */ = {
			isa = XCBuildConfiguration;
			buildSettings = {
				ALWAYS_EMBED_SWIFT_STANDARD_LIBRARIES = YES;
				CODE_SIGN_STYLE = Automatic;
				DEVELOPMENT_TEAM = 9S2GW6G25E;
				INFOPLIST_FILE = "Le BaluchonUITests/Info.plist";
				LD_RUNPATH_SEARCH_PATHS = (
					"$(inherited)",
					"@executable_path/Frameworks",
					"@loader_path/Frameworks",
				);
				PRODUCT_BUNDLE_IDENTIFIER = "com.simonDahan.Le-BaluchonUITests";
				PRODUCT_NAME = "$(TARGET_NAME)";
				SWIFT_VERSION = 5.0;
				TARGETED_DEVICE_FAMILY = "1,2";
				TEST_TARGET_NAME = "Le Baluchon";
			};
			name = Debug;
		};
		6BC87916251B9F7300113732 /* Release */ = {
			isa = XCBuildConfiguration;
			buildSettings = {
				ALWAYS_EMBED_SWIFT_STANDARD_LIBRARIES = YES;
				CODE_SIGN_STYLE = Automatic;
				DEVELOPMENT_TEAM = 9S2GW6G25E;
				INFOPLIST_FILE = "Le BaluchonUITests/Info.plist";
				LD_RUNPATH_SEARCH_PATHS = (
					"$(inherited)",
					"@executable_path/Frameworks",
					"@loader_path/Frameworks",
				);
				PRODUCT_BUNDLE_IDENTIFIER = "com.simonDahan.Le-BaluchonUITests";
				PRODUCT_NAME = "$(TARGET_NAME)";
				SWIFT_VERSION = 5.0;
				TARGETED_DEVICE_FAMILY = "1,2";
				TEST_TARGET_NAME = "Le Baluchon";
			};
			name = Release;
		};
/* End XCBuildConfiguration section */

/* Begin XCConfigurationList section */
		6BC878DF251B9F6F00113732 /* Build configuration list for PBXProject "Le Baluchon" */ = {
			isa = XCConfigurationList;
			buildConfigurations = (
				6BC8790C251B9F7300113732 /* Debug */,
				6BC8790D251B9F7300113732 /* Release */,
			);
			defaultConfigurationIsVisible = 0;
			defaultConfigurationName = Release;
		};
		6BC8790E251B9F7300113732 /* Build configuration list for PBXNativeTarget "Le Baluchon" */ = {
			isa = XCConfigurationList;
			buildConfigurations = (
				6BC8790F251B9F7300113732 /* Debug */,
				6BC87910251B9F7300113732 /* Release */,
			);
			defaultConfigurationIsVisible = 0;
			defaultConfigurationName = Release;
		};
		6BC87911251B9F7300113732 /* Build configuration list for PBXNativeTarget "Le BaluchonTests" */ = {
			isa = XCConfigurationList;
			buildConfigurations = (
				6BC87912251B9F7300113732 /* Debug */,
				6BC87913251B9F7300113732 /* Release */,
			);
			defaultConfigurationIsVisible = 0;
			defaultConfigurationName = Release;
		};
		6BC87914251B9F7300113732 /* Build configuration list for PBXNativeTarget "Le BaluchonUITests" */ = {
			isa = XCConfigurationList;
			buildConfigurations = (
				6BC87915251B9F7300113732 /* Debug */,
				6BC87916251B9F7300113732 /* Release */,
			);
			defaultConfigurationIsVisible = 0;
			defaultConfigurationName = Release;
		};
/* End XCConfigurationList section */
	};
	rootObject = 6BC878DC251B9F6F00113732 /* Project object */;
}
