// !$*UTF8*$!
{
	archiveVersion = 1;
	classes = {
	};
	objectVersion = 50;
	objects = {

/* Begin PBXBuildFile section */
		6B5B350C251D63FD00554B7B /* ExchangeService.swift in Sources */ = {isa = PBXBuildFile; fileRef = 6B5B350B251D63FD00554B7B /* ExchangeService.swift */; };
		6BC878E8251B9F6F00113732 /* AppDelegate.swift in Sources */ = {isa = PBXBuildFile; fileRef = 6BC878E7251B9F6F00113732 /* AppDelegate.swift */; };
		6BC878EA251B9F6F00113732 /* SceneDelegate.swift in Sources */ = {isa = PBXBuildFile; fileRef = 6BC878E9251B9F6F00113732 /* SceneDelegate.swift */; };
		6BC878EF251B9F6F00113732 /* Main.storyboard in Resources */ = {isa = PBXBuildFile; fileRef = 6BC878ED251B9F6F00113732 /* Main.storyboard */; };
		6BC878F1251B9F7300113732 /* Assets.xcassets in Resources */ = {isa = PBXBuildFile; fileRef = 6BC878F0251B9F7300113732 /* Assets.xcassets */; };
		6BC878F4251B9F7300113732 /* LaunchScreen.storyboard in Resources */ = {isa = PBXBuildFile; fileRef = 6BC878F2251B9F7300113732 /* LaunchScreen.storyboard */; };
		6BC878FF251B9F7300113732 /* Le_BaluchonTests.swift in Sources */ = {isa = PBXBuildFile; fileRef = 6BC878FE251B9F7300113732 /* Le_BaluchonTests.swift */; };
		6BC8790A251B9F7300113732 /* Le_BaluchonUITests.swift in Sources */ = {isa = PBXBuildFile; fileRef = 6BC87909251B9F7300113732 /* Le_BaluchonUITests.swift */; };
		6BC87928251BB68400113732 /* ExchangeViewController.swift in Sources */ = {isa = PBXBuildFile; fileRef = 6BC87927251BB68400113732 /* ExchangeViewController.swift */; };
		6BC87930251BDAFA00113732 /* TranslateViewController.swift in Sources */ = {isa = PBXBuildFile; fileRef = 6BC8792F251BDAFA00113732 /* TranslateViewController.swift */; };
		6BC87935251BE4DE00113732 /* WeatherViewController.swift in Sources */ = {isa = PBXBuildFile; fileRef = 6BC87934251BE4DE00113732 /* WeatherViewController.swift */; };
/* End PBXBuildFile section */

/* Begin PBXContainerItemProxy section */
		6BC878FB251B9F7300113732 /* PBXContainerItemProxy */ = {
			isa = PBXContainerItemProxy;
			containerPortal = 6BC878DC251B9F6F00113732 /* Project object */;
			proxyType = 1;
			remoteGlobalIDString = 6BC878E3251B9F6F00113732;
			remoteInfo = "Le Baluchon";
		};
		6BC87906251B9F7300113732 /* PBXContainerItemProxy */ = {
			isa = PBXContainerItemProxy;
			containerPortal = 6BC878DC251B9F6F00113732 /* Project object */;
			proxyType = 1;
			remoteGlobalIDString = 6BC878E3251B9F6F00113732;
			remoteInfo = "Le Baluchon";
		};
/* End PBXContainerItemProxy section */

/* Begin PBXFileReference section */
		6B5B350B251D63FD00554B7B /* ExchangeService.swift */ = {isa = PBXFileReference; lastKnownFileType = sourcecode.swift; path = ExchangeService.swift; sourceTree = "<group>"; };
		6BC878E4251B9F6F00113732 /* Le Baluchon.app */ = {isa = PBXFileReference; explicitFileType = wrapper.application; includeInIndex = 0; path = "Le Baluchon.app"; sourceTree = BUILT_PRODUCTS_DIR; };
		6BC878E7251B9F6F00113732 /* AppDelegate.swift */ = {isa = PBXFileReference; lastKnownFileType = sourcecode.swift; path = AppDelegate.swift; sourceTree = "<group>"; };
		6BC878E9251B9F6F00113732 /* SceneDelegate.swift */ = {isa = PBXFileReference; lastKnownFileType = sourcecode.swift; path = SceneDelegate.swift; sourceTree = "<group>"; };
		6BC878EE251B9F6F00113732 /* Base */ = {isa = PBXFileReference; lastKnownFileType = file.storyboard; name = Base; path = Base.lproj/Main.storyboard; sourceTree = "<group>"; };
		6BC878F0251B9F7300113732 /* Assets.xcassets */ = {isa = PBXFileReference; lastKnownFileType = folder.assetcatalog; path = Assets.xcassets; sourceTree = "<group>"; };
		6BC878F3251B9F7300113732 /* Base */ = {isa = PBXFileReference; lastKnownFileType = file.storyboard; name = Base; path = Base.lproj/LaunchScreen.storyboard; sourceTree = "<group>"; };
		6BC878F5251B9F7300113732 /* Info.plist */ = {isa = PBXFileReference; lastKnownFileType = text.plist.xml; path = Info.plist; sourceTree = "<group>"; };
		6BC878FA251B9F7300113732 /* Le BaluchonTests.xctest */ = {isa = PBXFileReference; explicitFileType = wrapper.cfbundle; includeInIndex = 0; path = "Le BaluchonTests.xctest"; sourceTree = BUILT_PRODUCTS_DIR; };
		6BC878FE251B9F7300113732 /* Le_BaluchonTests.swift */ = {isa = PBXFileReference; lastKnownFileType = sourcecode.swift; path = Le_BaluchonTests.swift; sourceTree = "<group>"; };
		6BC87900251B9F7300113732 /* Info.plist */ = {isa = PBXFileReference; lastKnownFileType = text.plist.xml; path = Info.plist; sourceTree = "<group>"; };
		6BC87905251B9F7300113732 /* Le BaluchonUITests.xctest */ = {isa = PBXFileReference; explicitFileType = wrapper.cfbundle; includeInIndex = 0; path = "Le BaluchonUITests.xctest"; sourceTree = BUILT_PRODUCTS_DIR; };
		6BC87909251B9F7300113732 /* Le_BaluchonUITests.swift */ = {isa = PBXFileReference; lastKnownFileType = sourcecode.swift; path = Le_BaluchonUITests.swift; sourceTree = "<group>"; };
		6BC8790B251B9F7300113732 /* Info.plist */ = {isa = PBXFileReference; lastKnownFileType = text.plist.xml; path = Info.plist; sourceTree = "<group>"; };
		6BC87927251BB68400113732 /* ExchangeViewController.swift */ = {isa = PBXFileReference; lastKnownFileType = sourcecode.swift; path = ExchangeViewController.swift; sourceTree = "<group>"; };
		6BC8792F251BDAFA00113732 /* TranslateViewController.swift */ = {isa = PBXFileReference; lastKnownFileType = sourcecode.swift; path = TranslateViewController.swift; sourceTree = "<group>"; };
		6BC87934251BE4DE00113732 /* WeatherViewController.swift */ = {isa = PBXFileReference; lastKnownFileType = sourcecode.swift; path = WeatherViewController.swift; sourceTree = "<group>"; };
/* End PBXFileReference section */

/* Begin PBXFrameworksBuildPhase section */
		6BC878E1251B9F6F00113732 /* Frameworks */ = {
			isa = PBXFrameworksBuildPhase;
			buildActionMask = 2147483647;
			files = (
			);
			runOnlyForDeploymentPostprocessing = 0;
		};
		6BC878F7251B9F7300113732 /* Frameworks */ = {
			isa = PBXFrameworksBuildPhase;
			buildActionMask = 2147483647;
			files = (
			);
			runOnlyForDeploymentPostprocessing = 0;
		};
		6BC87902251B9F7300113732 /* Frameworks */ = {
			isa = PBXFrameworksBuildPhase;
			buildActionMask = 2147483647;
			files = (
			);
			runOnlyForDeploymentPostprocessing = 0;
		};
/* End PBXFrameworksBuildPhase section */

/* Begin PBXGroup section */
		6BC878DB251B9F6F00113732 = {
			isa = PBXGroup;
			children = (
				6BC878E6251B9F6F00113732 /* Le Baluchon */,
				6BC878FD251B9F7300113732 /* Le BaluchonTests */,
				6BC87908251B9F7300113732 /* Le BaluchonUITests */,
				6BC878E5251B9F6F00113732 /* Products */,
			);
			sourceTree = "<group>";
		};
		6BC878E5251B9F6F00113732 /* Products */ = {
			isa = PBXGroup;
			children = (
				6BC878E4251B9F6F00113732 /* Le Baluchon.app */,
				6BC878FA251B9F7300113732 /* Le BaluchonTests.xctest */,
				6BC87905251B9F7300113732 /* Le BaluchonUITests.xctest */,
			);
			name = Products;
			sourceTree = "<group>";
		};
		6BC878E6251B9F6F00113732 /* Le Baluchon */ = {
			isa = PBXGroup;
			children = (
				6BC87923251BA19F00113732 /* Model */,
				6BC87922251BA19900113732 /* View */,
				6BC87921251BA19000113732 /* Controller */,
				6BC87920251BA18600113732 /* Support */,
				6BC878F5251B9F7300113732 /* Info.plist */,
			);
			path = "Le Baluchon";
			sourceTree = "<group>";
		};
		6BC878FD251B9F7300113732 /* Le BaluchonTests */ = {
			isa = PBXGroup;
			children = (
				6BC878FE251B9F7300113732 /* Le_BaluchonTests.swift */,
				6BC87900251B9F7300113732 /* Info.plist */,
			);
			path = "Le BaluchonTests";
			sourceTree = "<group>";
		};
		6BC87908251B9F7300113732 /* Le BaluchonUITests */ = {
			isa = PBXGroup;
			children = (
				6BC87909251B9F7300113732 /* Le_BaluchonUITests.swift */,
				6BC8790B251B9F7300113732 /* Info.plist */,
			);
			path = "Le BaluchonUITests";
			sourceTree = "<group>";
		};
		6BC87920251BA18600113732 /* Support */ = {
			isa = PBXGroup;
			children = (
				6BC878E7251B9F6F00113732 /* AppDelegate.swift */,
				6BC878E9251B9F6F00113732 /* SceneDelegate.swift */,
				6BC878F0251B9F7300113732 /* Assets.xcassets */,
			);
			path = Support;
			sourceTree = "<group>";
		};
		6BC87921251BA19000113732 /* Controller */ = {
			isa = PBXGroup;
			children = (
				6BC87927251BB68400113732 /* ExchangeViewController.swift */,
				6BC8792F251BDAFA00113732 /* TranslateViewController.swift */,
				6BC87934251BE4DE00113732 /* WeatherViewController.swift */,
			);
			path = Controller;
			sourceTree = "<group>";
		};
		6BC87922251BA19900113732 /* View */ = {
			isa = PBXGroup;
			children = (
				6BC878ED251B9F6F00113732 /* Main.storyboard */,
				6BC878F2251B9F7300113732 /* LaunchScreen.storyboard */,
			);
			path = View;
			sourceTree = "<group>";
		};
		6BC87923251BA19F00113732 /* Model */ = {
			isa = PBXGroup;
			children = (
				6B5B350B251D63FD00554B7B /* ExchangeService.swift */,
			);
			path = Model;
			sourceTree = "<group>";
		};
/* End PBXGroup section */

/* Begin PBXNativeTarget section */
		6BC878E3251B9F6F00113732 /* Le Baluchon */ = {
			isa = PBXNativeTarget;
			buildConfigurationList = 6BC8790E251B9F7300113732 /* Build configuration list for PBXNativeTarget "Le Baluchon" */;
			buildPhases = (
				6BC878E0251B9F6F00113732 /* Sources */,
				6BC878E1251B9F6F00113732 /* Frameworks */,
				6BC878E2251B9F6F00113732 /* Resources */,
			);
			buildRules = (
			);
			dependencies = (
			);
			name = "Le Baluchon";
			productName = "Le Baluchon";
			productReference = 6BC878E4251B9F6F00113732 /* Le Baluchon.app */;
			productType = "com.apple.product-type.application";
		};
		6BC878F9251B9F7300113732 /* Le BaluchonTests */ = {
			isa = PBXNativeTarget;
			buildConfigurationList = 6BC87911251B9F7300113732 /* Build configuration list for PBXNativeTarget "Le BaluchonTests" */;
			buildPhases = (
				6BC878F6251B9F7300113732 /* Sources */,
				6BC878F7251B9F7300113732 /* Frameworks */,
				6BC878F8251B9F7300113732 /* Resources */,
			);
			buildRules = (
			);
			dependencies = (
				6BC878FC251B9F7300113732 /* PBXTargetDependency */,
			);
			name = "Le BaluchonTests";
			productName = "Le BaluchonTests";
			productReference = 6BC878FA251B9F7300113732 /* Le BaluchonTests.xctest */;
			productType = "com.apple.product-type.bundle.unit-test";
		};
		6BC87904251B9F7300113732 /* Le BaluchonUITests */ = {
			isa = PBXNativeTarget;
			buildConfigurationList = 6BC87914251B9F7300113732 /* Build configuration list for PBXNativeTarget "Le BaluchonUITests" */;
			buildPhases = (
				6BC87901251B9F7300113732 /* Sources */,
				6BC87902251B9F7300113732 /* Frameworks */,
				6BC87903251B9F7300113732 /* Resources */,
			);
			buildRules = (
			);
			dependencies = (
				6BC87907251B9F7300113732 /* PBXTargetDependency */,
			);
			name = "Le BaluchonUITests";
			productName = "Le BaluchonUITests";
			productReference = 6BC87905251B9F7300113732 /* Le BaluchonUITests.xctest */;
			productType = "com.apple.product-type.bundle.ui-testing";
		};
/* End PBXNativeTarget section */

/* Begin PBXProject section */
		6BC878DC251B9F6F00113732 /* Project object */ = {
			isa = PBXProject;
			attributes = {
				LastSwiftUpdateCheck = 1200;
				LastUpgradeCheck = 1200;
				TargetAttributes = {
					6BC878E3251B9F6F00113732 = {
						CreatedOnToolsVersion = 12.0;
					};
					6BC878F9251B9F7300113732 = {
						CreatedOnToolsVersion = 12.0;
						TestTargetID = 6BC878E3251B9F6F00113732;
					};
					6BC87904251B9F7300113732 = {
						CreatedOnToolsVersion = 12.0;
						TestTargetID = 6BC878E3251B9F6F00113732;
					};
				};
			};
			buildConfigurationList = 6BC878DF251B9F6F00113732 /* Build configuration list for PBXProject "Le Baluchon" */;
			compatibilityVersion = "Xcode 9.3";
			developmentRegion = en;
			hasScannedForEncodings = 0;
			knownRegions = (
				en,
				Base,
			);
			mainGroup = 6BC878DB251B9F6F00113732;
			productRefGroup = 6BC878E5251B9F6F00113732 /* Products */;
			projectDirPath = "";
			projectRoot = "";
			targets = (
				6BC878E3251B9F6F00113732 /* Le Baluchon */,
				6BC878F9251B9F7300113732 /* Le BaluchonTests */,
				6BC87904251B9F7300113732 /* Le BaluchonUITests */,
			);
		};
/* End PBXProject section */

/* Begin PBXResourcesBuildPhase section */
		6BC878E2251B9F6F00113732 /* Resources */ = {
			isa = PBXResourcesBuildPhase;
			buildActionMask = 2147483647;
			files = (
				6BC878F4251B9F7300113732 /* LaunchScreen.storyboard in Resources */,
				6BC878F1251B9F7300113732 /* Assets.xcassets in Resources */,
				6BC878EF251B9F6F00113732 /* Main.storyboard in Resources */,
			);
			runOnlyForDeploymentPostprocessing = 0;
		};
		6BC878F8251B9F7300113732 /* Resources */ = {
			isa = PBXResourcesBuildPhase;
			buildActionMask = 2147483647;
			files = (
			);
			runOnlyForDeploymentPostprocessing = 0;
		};
		6BC87903251B9F7300113732 /* Resources */ = {
			isa = PBXResourcesBuildPhase;
			buildActionMask = 2147483647;
			files = (
			);
			runOnlyForDeploymentPostprocessing = 0;
		};
/* End PBXResourcesBuildPhase section */

/* Begin PBXSourcesBuildPhase section */
		6BC878E0251B9F6F00113732 /* Sources */ = {
			isa = PBXSourcesBuildPhase;
			buildActionMask = 2147483647;
			files = (
				6BC87928251BB68400113732 /* ExchangeViewController.swift in Sources */,
				6BC87935251BE4DE00113732 /* WeatherViewController.swift in Sources */,
				6B5B350C251D63FD00554B7B /* ExchangeService.swift in Sources */,
				6BC87930251BDAFA00113732 /* TranslateViewController.swift in Sources */,
				6BC878E8251B9F6F00113732 /* AppDelegate.swift in Sources */,
				6BC878EA251B9F6F00113732 /* SceneDelegate.swift in Sources */,
			);
			runOnlyForDeploymentPostprocessing = 0;
		};
		6BC878F6251B9F7300113732 /* Sources */ = {
			isa = PBXSourcesBuildPhase;
			buildActionMask = 2147483647;
			files = (
				6BC878FF251B9F7300113732 /* Le_BaluchonTests.swift in Sources */,
			);
			runOnlyForDeploymentPostprocessing = 0;
		};
		6BC87901251B9F7300113732 /* Sources */ = {
			isa = PBXSourcesBuildPhase;
			buildActionMask = 2147483647;
			files = (
				6BC8790A251B9F7300113732 /* Le_BaluchonUITests.swift in Sources */,
			);
			runOnlyForDeploymentPostprocessing = 0;
		};
/* End PBXSourcesBuildPhase section */

/* Begin PBXTargetDependency section */
		6BC878FC251B9F7300113732 /* PBXTargetDependency */ = {
			isa = PBXTargetDependency;
			target = 6BC878E3251B9F6F00113732 /* Le Baluchon */;
			targetProxy = 6BC878FB251B9F7300113732 /* PBXContainerItemProxy */;
		};
		6BC87907251B9F7300113732 /* PBXTargetDependency */ = {
			isa = PBXTargetDependency;
			target = 6BC878E3251B9F6F00113732 /* Le Baluchon */;
			targetProxy = 6BC87906251B9F7300113732 /* PBXContainerItemProxy */;
		};
/* End PBXTargetDependency section */

/* Begin PBXVariantGroup section */
		6BC878ED251B9F6F00113732 /* Main.storyboard */ = {
			isa = PBXVariantGroup;
			children = (
				6BC878EE251B9F6F00113732 /* Base */,
			);
			name = Main.storyboard;
			sourceTree = "<group>";
		};
		6BC878F2251B9F7300113732 /* LaunchScreen.storyboard */ = {
			isa = PBXVariantGroup;
			children = (
				6BC878F3251B9F7300113732 /* Base */,
			);
			name = LaunchScreen.storyboard;
			sourceTree = "<group>";
		};
/* End PBXVariantGroup section */

/* Begin XCBuildConfiguration section */
		6BC8790C251B9F7300113732 /* Debug */ = {
			isa = XCBuildConfiguration;
			buildSettings = {
				ALWAYS_SEARCH_USER_PATHS = NO;
				CLANG_ANALYZER_NONNULL = YES;
				CLANG_ANALYZER_NUMBER_OBJECT_CONVERSION = YES_AGGRESSIVE;
				CLANG_CXX_LANGUAGE_STANDARD = "gnu++14";
				CLANG_CXX_LIBRARY = "libc++";
				CLANG_ENABLE_MODULES = YES;
				CLANG_ENABLE_OBJC_ARC = YES;
				CLANG_ENABLE_OBJC_WEAK = YES;
				CLANG_WARN_BLOCK_CAPTURE_AUTORELEASING = YES;
				CLANG_WARN_BOOL_CONVERSION = YES;
				CLANG_WARN_COMMA = YES;
				CLANG_WARN_CONSTANT_CONVERSION = YES;
				CLANG_WARN_DEPRECATED_OBJC_IMPLEMENTATIONS = YES;
				CLANG_WARN_DIRECT_OBJC_ISA_USAGE = YES_ERROR;
				CLANG_WARN_DOCUMENTATION_COMMENTS = YES;
				CLANG_WARN_EMPTY_BODY = YES;
				CLANG_WARN_ENUM_CONVERSION = YES;
				CLANG_WARN_INFINITE_RECURSION = YES;
				CLANG_WARN_INT_CONVERSION = YES;
				CLANG_WARN_NON_LITERAL_NULL_CONVERSION = YES;
				CLANG_WARN_OBJC_IMPLICIT_RETAIN_SELF = YES;
				CLANG_WARN_OBJC_LITERAL_CONVERSION = YES;
				CLANG_WARN_OBJC_ROOT_CLASS = YES_ERROR;
				CLANG_WARN_QUOTED_INCLUDE_IN_FRAMEWORK_HEADER = YES;
				CLANG_WARN_RANGE_LOOP_ANALYSIS = YES;
				CLANG_WARN_STRICT_PROTOTYPES = YES;
				CLANG_WARN_SUSPICIOUS_MOVE = YES;
				CLANG_WARN_UNGUARDED_AVAILABILITY = YES_AGGRESSIVE;
				CLANG_WARN_UNREACHABLE_CODE = YES;
				CLANG_WARN__DUPLICATE_METHOD_MATCH = YES;
				COPY_PHASE_STRIP = NO;
				DEBUG_INFORMATION_FORMAT = dwarf;
				ENABLE_STRICT_OBJC_MSGSEND = YES;
				ENABLE_TESTABILITY = YES;
				GCC_C_LANGUAGE_STANDARD = gnu11;
				GCC_DYNAMIC_NO_PIC = NO;
				GCC_NO_COMMON_BLOCKS = YES;
				GCC_OPTIMIZATION_LEVEL = 0;
				GCC_PREPROCESSOR_DEFINITIONS = (
					"DEBUG=1",
					"$(inherited)",
				);
				GCC_WARN_64_TO_32_BIT_CONVERSION = YES;
				GCC_WARN_ABOUT_RETURN_TYPE = YES_ERROR;
				GCC_WARN_UNDECLARED_SELECTOR = YES;
				GCC_WARN_UNINITIALIZED_AUTOS = YES_AGGRESSIVE;
				GCC_WARN_UNUSED_FUNCTION = YES;
				GCC_WARN_UNUSED_VARIABLE = YES;
				IPHONEOS_DEPLOYMENT_TARGET = 14.0;
				MTL_ENABLE_DEBUG_INFO = INCLUDE_SOURCE;
				MTL_FAST_MATH = YES;
				ONLY_ACTIVE_ARCH = YES;
				SDKROOT = iphoneos;
				SWIFT_ACTIVE_COMPILATION_CONDITIONS = DEBUG;
				SWIFT_OPTIMIZATION_LEVEL = "-Onone";
			};
			name = Debug;
		};
		6BC8790D251B9F7300113732 /* Release */ = {
			isa = XCBuildConfiguration;
			buildSettings = {
				ALWAYS_SEARCH_USER_PATHS = NO;
				CLANG_ANALYZER_NONNULL = YES;
				CLANG_ANALYZER_NUMBER_OBJECT_CONVERSION = YES_AGGRESSIVE;
				CLANG_CXX_LANGUAGE_STANDARD = "gnu++14";
				CLANG_CXX_LIBRARY = "libc++";
				CLANG_ENABLE_MODULES = YES;
				CLANG_ENABLE_OBJC_ARC = YES;
				CLANG_ENABLE_OBJC_WEAK = YES;
				CLANG_WARN_BLOCK_CAPTURE_AUTORELEASING = YES;
				CLANG_WARN_BOOL_CONVERSION = YES;
				CLANG_WARN_COMMA = YES;
				CLANG_WARN_CONSTANT_CONVERSION = YES;
				CLANG_WARN_DEPRECATED_OBJC_IMPLEMENTATIONS = YES;
				CLANG_WARN_DIRECT_OBJC_ISA_USAGE = YES_ERROR;
				CLANG_WARN_DOCUMENTATION_COMMENTS = YES;
				CLANG_WARN_EMPTY_BODY = YES;
				CLANG_WARN_ENUM_CONVERSION = YES;
				CLANG_WARN_INFINITE_RECURSION = YES;
				CLANG_WARN_INT_CONVERSION = YES;
				CLANG_WARN_NON_LITERAL_NULL_CONVERSION = YES;
				CLANG_WARN_OBJC_IMPLICIT_RETAIN_SELF = YES;
				CLANG_WARN_OBJC_LITERAL_CONVERSION = YES;
				CLANG_WARN_OBJC_ROOT_CLASS = YES_ERROR;
				CLANG_WARN_QUOTED_INCLUDE_IN_FRAMEWORK_HEADER = YES;
				CLANG_WARN_RANGE_LOOP_ANALYSIS = YES;
				CLANG_WARN_STRICT_PROTOTYPES = YES;
				CLANG_WARN_SUSPICIOUS_MOVE = YES;
				CLANG_WARN_UNGUARDED_AVAILABILITY = YES_AGGRESSIVE;
				CLANG_WARN_UNREACHABLE_CODE = YES;
				CLANG_WARN__DUPLICATE_METHOD_MATCH = YES;
				COPY_PHASE_STRIP = NO;
				DEBUG_INFORMATION_FORMAT = "dwarf-with-dsym";
				ENABLE_NS_ASSERTIONS = NO;
				ENABLE_STRICT_OBJC_MSGSEND = YES;
				GCC_C_LANGUAGE_STANDARD = gnu11;
				GCC_NO_COMMON_BLOCKS = YES;
				GCC_WARN_64_TO_32_BIT_CONVERSION = YES;
				GCC_WARN_ABOUT_RETURN_TYPE = YES_ERROR;
				GCC_WARN_UNDECLARED_SELECTOR = YES;
				GCC_WARN_UNINITIALIZED_AUTOS = YES_AGGRESSIVE;
				GCC_WARN_UNUSED_FUNCTION = YES;
				GCC_WARN_UNUSED_VARIABLE = YES;
				IPHONEOS_DEPLOYMENT_TARGET = 14.0;
				MTL_ENABLE_DEBUG_INFO = NO;
				MTL_FAST_MATH = YES;
				SDKROOT = iphoneos;
				SWIFT_COMPILATION_MODE = wholemodule;
				SWIFT_OPTIMIZATION_LEVEL = "-O";
				VALIDATE_PRODUCT = YES;
			};
			name = Release;
		};
		6BC8790F251B9F7300113732 /* Debug */ = {
			isa = XCBuildConfiguration;
			buildSettings = {
				ASSETCATALOG_COMPILER_APPICON_NAME = AppIcon;
				ASSETCATALOG_COMPILER_GLOBAL_ACCENT_COLOR_NAME = AccentColor;
				CODE_SIGN_STYLE = Automatic;
				DEVELOPMENT_TEAM = 9S2GW6G25E;
				INFOPLIST_FILE = "Le Baluchon/Info.plist";
				IPHONEOS_DEPLOYMENT_TARGET = 11.0;
				LD_RUNPATH_SEARCH_PATHS = (
					"$(inherited)",
					"@executable_path/Frameworks",
				);
				PRODUCT_BUNDLE_IDENTIFIER = "com.simonDahan.Le-Baluchon";
				PRODUCT_NAME = "$(TARGET_NAME)";
				SWIFT_VERSION = 5.0;
				TARGETED_DEVICE_FAMILY = 1;
			};
			name = Debug;
		};
		6BC87910251B9F7300113732 /* Release */ = {
			isa = XCBuildConfiguration;
			buildSettings = {
				ASSETCATALOG_COMPILER_APPICON_NAME = AppIcon;
				ASSETCATALOG_COMPILER_GLOBAL_ACCENT_COLOR_NAME = AccentColor;
				CODE_SIGN_STYLE = Automatic;
				DEVELOPMENT_TEAM = 9S2GW6G25E;
				INFOPLIST_FILE = "Le Baluchon/Info.plist";
				IPHONEOS_DEPLOYMENT_TARGET = 11.0;
				LD_RUNPATH_SEARCH_PATHS = (
					"$(inherited)",
					"@executable_path/Frameworks",
				);
				PRODUCT_BUNDLE_IDENTIFIER = "com.simonDahan.Le-Baluchon";
				PRODUCT_NAME = "$(TARGET_NAME)";
				SWIFT_VERSION = 5.0;
				TARGETED_DEVICE_FAMILY = 1;
			};
			name = Release;
		};
		6BC87912251B9F7300113732 /* Debug */ = {
			isa = XCBuildConfiguration;
			buildSettings = {
				ALWAYS_EMBED_SWIFT_STANDARD_LIBRARIES = YES;
				BUNDLE_LOADER = "$(TEST_HOST)";
				CODE_SIGN_STYLE = Automatic;
				DEVELOPMENT_TEAM = 9S2GW6G25E;
				INFOPLIST_FILE = "Le BaluchonTests/Info.plist";
				IPHONEOS_DEPLOYMENT_TARGET = 14.0;
				LD_RUNPATH_SEARCH_PATHS = (
					"$(inherited)",
					"@executable_path/Frameworks",
					"@loader_path/Frameworks",
				);
				PRODUCT_BUNDLE_IDENTIFIER = "com.simonDahan.Le-BaluchonTests";
				PRODUCT_NAME = "$(TARGET_NAME)";
				SWIFT_VERSION = 5.0;
				TARGETED_DEVICE_FAMILY = "1,2";
				TEST_HOST = "$(BUILT_PRODUCTS_DIR)/Le Baluchon.app/Le Baluchon";
			};
			name = Debug;
		};
		6BC87913251B9F7300113732 /* Release */ = {
			isa = XCBuildConfiguration;
			buildSettings = {
				ALWAYS_EMBED_SWIFT_STANDARD_LIBRARIES = YES;
				BUNDLE_LOADER = "$(TEST_HOST)";
				CODE_SIGN_STYLE = Automatic;
				DEVELOPMENT_TEAM = 9S2GW6G25E;
				INFOPLIST_FILE = "Le BaluchonTests/Info.plist";
				IPHONEOS_DEPLOYMENT_TARGET = 14.0;
				LD_RUNPATH_SEARCH_PATHS = (
					"$(inherited)",
					"@executable_path/Frameworks",
					"@loader_path/Frameworks",
				);
				PRODUCT_BUNDLE_IDENTIFIER = "com.simonDahan.Le-BaluchonTests";
				PRODUCT_NAME = "$(TARGET_NAME)";
				SWIFT_VERSION = 5.0;
				TARGETED_DEVICE_FAMILY = "1,2";
				TEST_HOST = "$(BUILT_PRODUCTS_DIR)/Le Baluchon.app/Le Baluchon";
			};
			name = Release;
		};
		6BC87915251B9F7300113732 /* Debug */ = {
			isa = XCBuildConfiguration;
			buildSettings = {
				ALWAYS_EMBED_SWIFT_STANDARD_LIBRARIES = YES;
				CODE_SIGN_STYLE = Automatic;
				DEVELOPMENT_TEAM = 9S2GW6G25E;
				INFOPLIST_FILE = "Le BaluchonUITests/Info.plist";
				LD_RUNPATH_SEARCH_PATHS = (
					"$(inherited)",
					"@executable_path/Frameworks",
					"@loader_path/Frameworks",
				);
				PRODUCT_BUNDLE_IDENTIFIER = "com.simonDahan.Le-BaluchonUITests";
				PRODUCT_NAME = "$(TARGET_NAME)";
				SWIFT_VERSION = 5.0;
				TARGETED_DEVICE_FAMILY = "1,2";
				TEST_TARGET_NAME = "Le Baluchon";
			};
			name = Debug;
		};
		6BC87916251B9F7300113732 /* Release */ = {
			isa = XCBuildConfiguration;
			buildSettings = {
				ALWAYS_EMBED_SWIFT_STANDARD_LIBRARIES = YES;
				CODE_SIGN_STYLE = Automatic;
				DEVELOPMENT_TEAM = 9S2GW6G25E;
				INFOPLIST_FILE = "Le BaluchonUITests/Info.plist";
				LD_RUNPATH_SEARCH_PATHS = (
					"$(inherited)",
					"@executable_path/Frameworks",
					"@loader_path/Frameworks",
				);
				PRODUCT_BUNDLE_IDENTIFIER = "com.simonDahan.Le-BaluchonUITests";
				PRODUCT_NAME = "$(TARGET_NAME)";
				SWIFT_VERSION = 5.0;
				TARGETED_DEVICE_FAMILY = "1,2";
				TEST_TARGET_NAME = "Le Baluchon";
			};
			name = Release;
		};
/* End XCBuildConfiguration section */

/* Begin XCConfigurationList section */
		6BC878DF251B9F6F00113732 /* Build configuration list for PBXProject "Le Baluchon" */ = {
			isa = XCConfigurationList;
			buildConfigurations = (
				6BC8790C251B9F7300113732 /* Debug */,
				6BC8790D251B9F7300113732 /* Release */,
			);
			defaultConfigurationIsVisible = 0;
			defaultConfigurationName = Release;
		};
		6BC8790E251B9F7300113732 /* Build configuration list for PBXNativeTarget "Le Baluchon" */ = {
			isa = XCConfigurationList;
			buildConfigurations = (
				6BC8790F251B9F7300113732 /* Debug */,
				6BC87910251B9F7300113732 /* Release */,
			);
			defaultConfigurationIsVisible = 0;
			defaultConfigurationName = Release;
		};
		6BC87911251B9F7300113732 /* Build configuration list for PBXNativeTarget "Le BaluchonTests" */ = {
			isa = XCConfigurationList;
			buildConfigurations = (
				6BC87912251B9F7300113732 /* Debug */,
				6BC87913251B9F7300113732 /* Release */,
			);
			defaultConfigurationIsVisible = 0;
			defaultConfigurationName = Release;
		};
		6BC87914251B9F7300113732 /* Build configuration list for PBXNativeTarget "Le BaluchonUITests" */ = {
			isa = XCConfigurationList;
			buildConfigurations = (
				6BC87915251B9F7300113732 /* Debug */,
				6BC87916251B9F7300113732 /* Release */,
			);
			defaultConfigurationIsVisible = 0;
			defaultConfigurationName = Release;
		};
/* End XCConfigurationList section */
	};
	rootObject = 6BC878DC251B9F6F00113732 /* Project object */;
}
